github.com/Codefor/geohash v0.0.0-20140723084247-1b41c28e3a9d h1:iG9B49Q218F/XxXNRM7k/vWf7MKmLIS8AcJV9cGN4nA=
github.com/Codefor/geohash v0.0.0-20140723084247-1b41c28e3a9d/go.mod h1:RVnhzAX71far8Kc3TQeA0k/dcaEKUnTDSOyet/JCmGI=
github.com/TomiHiltunen/geohash-golang v0.0.0-20150112065804-b3e4e625abfb h1:wumPkzt4zaxO4rHPBrjDK8iZMR41C1qs7njNqlacwQg=
github.com/TomiHiltunen/geohash-golang v0.0.0-20150112065804-b3e4e625abfb/go.mod h1:QiYsIBRQEO+Z4Rz7GoI+dsHVneZNONvhczuA+llOZNM=
github.com/broady/gogeohash v0.0.0-20120525094510-7b2c40d64042 h1:iEdmkrNMLXbM7ecffOAtZJQOQUTE4iMonxrb5opUgE4=
github.com/broady/gogeohash v0.0.0-20120525094510-7b2c40d64042/go.mod h1:f1L9YvXvlt9JTa+A17trQjSMM6bV40f+tHjB+Pi+Fqk=
github.com/fanixk/geohash v0.0.0-20150324002647-c1f9b5fa157a h1:Fyfh/dsHFrC6nkX7H7+nFdTd1wROlX/FxEIWVpKYf1U=
github.com/fanixk/geohash v0.0.0-20150324002647-c1f9b5fa157a/go.mod h1:UgNw+PTmmGN8rV7RvjvnBMsoTU8ZXXnaT3hYsDTBlgQ=
github.com/gansidui/geohash v0.0.0-20141019080235-ebe5ba447f34 h1:v8OKndw+abloncjnDIoy/qHsyRWXCnTUw7Tc9emhbEg=
github.com/gansidui/geohash v0.0.0-20141019080235-ebe5ba447f34/go.mod h1:/Mg9STHVPYcABQdI1MQrFY4ngaOwGeIwOypwEtWNQgY=
github.com/mmcloughlin/geohash v0.10.0 h1:9w1HchfDfdeLc+jFEf/04D27KP7E2QmpDu52wPbJWRE=
github.com/mmcloughlin/geohash v0.10.0/go.mod h1:oNZxQo5yWJh0eMQEP/8hwQuVx9Z9tjwFUqcTB1SmG0c=
github.com/paulmach/orb v0.13.0 h1:r7n7mQGGF+cj/CbcivEj9J3HGK+XR+yXnvzRdq9saIw=
github.com/paulmach/orb v0.13.0/go.mod h1:6scRWINywA2Jf05dcjOfLfxrUIMECvTSG2MVbRLxu/k=
github.com/peterstace/simplefeatures v0.59.0 h1:pmn+uh75K3CCGsJCLHnpBqgQmDECLYX3u5hfymVbqmQ=
github.com/peterstace/simplefeatures v0.59.0/go.mod h1:0QH884YeU4jOeM6Bh7EDdDFyYU1L0I0QONxwwFiknqc=
github.com/pierrre/geohash v1.1.4 h1:yzKGZnvToMhSorOzdR7dULzYkzc6BgEYN//yAn/sWsw=
github.com/pierrre/geohash v1.1.4/go.mod h1:acEkGYRKiLkhsU88AolKimmPzyBC7vqi9YUs0/LkKNI=
github.com/tidwall/geodesic v1.52.4 h1:nT9cvYziVbmqFMDuvJzCJKvBJ9wFx0gRwvVrt86fpXg=
github.com/tidwall/geodesic v1.52.4/go.mod h1:SNL5vSG4X+o0ExTya69PX7/ZQ2SAvmjAxI+o5ZGJsxs=
golang.org/x/sys v0.41.0 h1:Ivj+2Cp/ylzLiEU89QhWblYnOE9zerudt9Ftecq2C6k=
golang.org/x/sys v0.41.0/go.mod h1:OgkHotnGiDImocRcuBABYBEXf8A9a87e/uXjp9XT3ks=
